
Microsoft Visual Studio Solution File, Format Version 12.00
# Visual Studio Version 17
VisualStudioVersion = 17.9.34622.214
MinimumVisualStudioVersion = 10.0.40219.1
Project("{FAE04EC0-301F-11D3-BF4B-00C04F79EFBC}") = "Tyuiu.AstakhovSO.Task1.V2", "Tyuiu.AstakhovSO.Task1.V2.csproj", "{D2B183CF-45E8-4799-A332-53BCFB2F8C81}"
EndProject
Global
	GlobalSection(SolutionConfigurationPlatforms) = preSolution
		Debug|Any CPU = Debug|Any CPU
		Release|Any CPU = Release|Any CPU
	EndGlobalSection
	GlobalSection(ProjectConfigurationPlatforms) = postSolution
		{D2B183CF-45E8-4799-A332-53BCFB2F8C81}.Debug|Any CPU.ActiveCfg = Debug|Any CPU
		{D2B183CF-45E8-4799-A332-53BCFB2F8C81}.Debug|Any CPU.Build.0 = Debug|Any CPU
		{D2B183CF-45E8-4799-A332-53BCFB2F8C81}.Release|Any CPU.ActiveCfg = Release|Any CPU
		{D2B183CF-45E8-4799-A332-53BCFB2F8C81}.Release|Any CPU.Build.0 = Release|Any CPU
	EndGlobalSection
	GlobalSection(SolutionProperties) = preSolution
		HideSolutionNode = FALSE
	EndGlobalSection
	GlobalSection(ExtensibilityGlobals) = postSolution
		SolutionGuid = {425DF556-CC62-40A9-B64F-ABAA3A1BB4F0}
	EndGlobalSection
EndGlobal
